
Microsoft Visual Studio Solution File, Format Version 12.00
# Visual Studio 2013
VisualStudioVersion = 12.0.31101.0
MinimumVisualStudioVersion = 10.0.40219.1
Project("{FAE04EC0-301F-11D3-BF4B-00C04F79EFBC}") = "ProviderSocialServices", "ProviderSocialServices\ProviderSocialServices.csproj", "{436FFD4E-754D-419A-A1BB-4E8C01D8DD42}"
EndProject
Project("{FAE04EC0-301F-11D3-BF4B-00C04F79EFBC}") = "BD", "BD\BD.csproj", "{ACA5AA17-EC39-4BE7-9F96-C39FBD37A769}"
EndProject
Global
	GlobalSection(SolutionConfigurationPlatforms) = preSolution
		Debug|Any CPU = Debug|Any CPU
		Release|Any CPU = Release|Any CPU
	EndGlobalSection
	GlobalSection(ProjectConfigurationPlatforms) = postSolution
		{436FFD4E-754D-419A-A1BB-4E8C01D8DD42}.Debug|Any CPU.ActiveCfg = Debug|Any CPU
		{436FFD4E-754D-419A-A1BB-4E8C01D8DD42}.Debug|Any CPU.Build.0 = Debug|Any CPU
		{436FFD4E-754D-419A-A1BB-4E8C01D8DD42}.Release|Any CPU.ActiveCfg = Release|Any CPU
		{436FFD4E-754D-419A-A1BB-4E8C01D8DD42}.Release|Any CPU.Build.0 = Release|Any CPU
		{ACA5AA17-EC39-4BE7-9F96-C39FBD37A769}.Debug|Any CPU.ActiveCfg = Debug|Any CPU
		{ACA5AA17-EC39-4BE7-9F96-C39FBD37A769}.Debug|Any CPU.Build.0 = Debug|Any CPU
		{ACA5AA17-EC39-4BE7-9F96-C39FBD37A769}.Release|Any CPU.ActiveCfg = Release|Any CPU
		{ACA5AA17-EC39-4BE7-9F96-C39FBD37A769}.Release|Any CPU.Build.0 = Release|Any CPU
	EndGlobalSection
	GlobalSection(SolutionProperties) = preSolution
		HideSolutionNode = FALSE
	EndGlobalSection
EndGlobal
